// !$*UTF8*$!
{
	archiveVersion = 1;
	classes = {
	};
	objectVersion = 46;
	objects = {

/* Begin PBXBuildFile section */
		AB07BA03FD1847F3E30457F1 /* libPods-Bonobos.a in Frameworks */ = {isa = PBXBuildFile; fileRef = 23B940E89072C90AB5605DF0 /* libPods-Bonobos.a */; };
		B02366EE1DDD548B008D2DB4 /* CategoriesViewController.m in Sources */ = {isa = PBXBuildFile; fileRef = B02366ED1DDD548B008D2DB4 /* CategoriesViewController.m */; };
		B02366F11DDD5597008D2DB4 /* CategoriesService.m in Sources */ = {isa = PBXBuildFile; fileRef = B02366F01DDD5597008D2DB4 /* CategoriesService.m */; };
		B02366F61DDD58D6008D2DB4 /* CategoryCollectionViewCell.m in Sources */ = {isa = PBXBuildFile; fileRef = B02366F41DDD58D6008D2DB4 /* CategoryCollectionViewCell.m */; };
		B02366F71DDD58D6008D2DB4 /* CategoryCollectionViewCell.xib in Resources */ = {isa = PBXBuildFile; fileRef = B02366F51DDD58D6008D2DB4 /* CategoryCollectionViewCell.xib */; };
		B051D2D91DDD5E410021898B /* CategoryModel.m in Sources */ = {isa = PBXBuildFile; fileRef = B051D2D81DDD5E410021898B /* CategoryModel.m */; };
		B051D2DC1DDD6CB30021898B /* ImageCacheService.m in Sources */ = {isa = PBXBuildFile; fileRef = B051D2DB1DDD6CB30021898B /* ImageCacheService.m */; };
		B051D2E31DDD75290021898B /* AppDelegate.m in Sources */ = {isa = PBXBuildFile; fileRef = B051D2E01DDD75290021898B /* AppDelegate.m */; };
		B051D2E51DDD75290021898B /* main.m in Sources */ = {isa = PBXBuildFile; fileRef = B051D2E21DDD75290021898B /* main.m */; };
		B051D2E81DDD75460021898B /* Main.storyboard in Resources */ = {isa = PBXBuildFile; fileRef = B051D2E61DDD75460021898B /* Main.storyboard */; };
		B051D2EA1DDD75750021898B /* Info.plist in Resources */ = {isa = PBXBuildFile; fileRef = B051D2E91DDD75750021898B /* Info.plist */; };
		B051D2ED1DDD78860021898B /* ProductModel.m in Sources */ = {isa = PBXBuildFile; fileRef = B051D2EC1DDD78860021898B /* ProductModel.m */; };
		B051D2F11DDD7A0B0021898B /* NSDictionary+SafeExtract.m in Sources */ = {isa = PBXBuildFile; fileRef = B051D2F01DDD7A0B0021898B /* NSDictionary+SafeExtract.m */; };
		B051D2F51DDD7C480021898B /* JSONObject.m in Sources */ = {isa = PBXBuildFile; fileRef = B051D2F41DDD7C480021898B /* JSONObject.m */; };
		B051D2F71DDD7FCA0021898B /* ImageCacheServiceTests.m in Sources */ = {isa = PBXBuildFile; fileRef = B051D2F61DDD7FCA0021898B /* ImageCacheServiceTests.m */; };
		B0C422B61DDC269B00081807 /* Assets.xcassets in Resources */ = {isa = PBXBuildFile; fileRef = B0C422B51DDC269B00081807 /* Assets.xcassets */; };
		B0C422B91DDC269B00081807 /* LaunchScreen.storyboard in Resources */ = {isa = PBXBuildFile; fileRef = B0C422B71DDC269B00081807 /* LaunchScreen.storyboard */; };
		B0C422CF1DDC269B00081807 /* BonobosUITests.m in Sources */ = {isa = PBXBuildFile; fileRef = B0C422CE1DDC269B00081807 /* BonobosUITests.m */; };
		E51644635BD7927255194EEC /* libPods-BonobosTests.a in Frameworks */ = {isa = PBXBuildFile; fileRef = 6EEEF2ED7C3F29B5F1DAB734 /* libPods-BonobosTests.a */; };
		F302073DF3FBC205DE932D23 /* libPods-BonobosUITests.a in Frameworks */ = {isa = PBXBuildFile; fileRef = 53EBC24FD099DE748AA6AF0A /* libPods-BonobosUITests.a */; };
/* End PBXBuildFile section */

/* Begin PBXContainerItemProxy section */
		B0C422C01DDC269B00081807 /* PBXContainerItemProxy */ = {
			isa = PBXContainerItemProxy;
			containerPortal = B0C4229E1DDC269B00081807 /* Project object */;
			proxyType = 1;
			remoteGlobalIDString = B0C422A51DDC269B00081807;
			remoteInfo = Bonobos;
		};
		B0C422CB1DDC269B00081807 /* PBXContainerItemProxy */ = {
			isa = PBXContainerItemProxy;
			containerPortal = B0C4229E1DDC269B00081807 /* Project object */;
			proxyType = 1;
			remoteGlobalIDString = B0C422A51DDC269B00081807;
			remoteInfo = Bonobos;
		};
/* End PBXContainerItemProxy section */

/* Begin PBXFileReference section */
		23B940E89072C90AB5605DF0 /* libPods-Bonobos.a */ = {isa = PBXFileReference; explicitFileType = archive.ar; includeInIndex = 0; path = "libPods-Bonobos.a"; sourceTree = BUILT_PRODUCTS_DIR; };
		24B299852C298300A9F22063 /* Pods-BonobosTests.release.xcconfig */ = {isa = PBXFileReference; includeInIndex = 1; lastKnownFileType = text.xcconfig; name = "Pods-BonobosTests.release.xcconfig"; path = "Pods/Target Support Files/Pods-BonobosTests/Pods-BonobosTests.release.xcconfig"; sourceTree = "<group>"; };
		53EBC24FD099DE748AA6AF0A /* libPods-BonobosUITests.a */ = {isa = PBXFileReference; explicitFileType = archive.ar; includeInIndex = 0; path = "libPods-BonobosUITests.a"; sourceTree = BUILT_PRODUCTS_DIR; };
		6EEEF2ED7C3F29B5F1DAB734 /* libPods-BonobosTests.a */ = {isa = PBXFileReference; explicitFileType = archive.ar; includeInIndex = 0; path = "libPods-BonobosTests.a"; sourceTree = BUILT_PRODUCTS_DIR; };
		963A8DBA5411F0361307261D /* Pods-Bonobos.release.xcconfig */ = {isa = PBXFileReference; includeInIndex = 1; lastKnownFileType = text.xcconfig; name = "Pods-Bonobos.release.xcconfig"; path = "Pods/Target Support Files/Pods-Bonobos/Pods-Bonobos.release.xcconfig"; sourceTree = "<group>"; };
		98F27D4CF10ADECB1D79A759 /* Pods-BonobosUITests.debug.xcconfig */ = {isa = PBXFileReference; includeInIndex = 1; lastKnownFileType = text.xcconfig; name = "Pods-BonobosUITests.debug.xcconfig"; path = "Pods/Target Support Files/Pods-BonobosUITests/Pods-BonobosUITests.debug.xcconfig"; sourceTree = "<group>"; };
		A3A185EDCAA8B20A120F48BE /* Pods-BonobosTests.debug.xcconfig */ = {isa = PBXFileReference; includeInIndex = 1; lastKnownFileType = text.xcconfig; name = "Pods-BonobosTests.debug.xcconfig"; path = "Pods/Target Support Files/Pods-BonobosTests/Pods-BonobosTests.debug.xcconfig"; sourceTree = "<group>"; };
		B02366EC1DDD548B008D2DB4 /* CategoriesViewController.h */ = {isa = PBXFileReference; fileEncoding = 4; lastKnownFileType = sourcecode.c.h; name = CategoriesViewController.h; path = Controllers/CategoriesViewController.h; sourceTree = "<group>"; };
		B02366ED1DDD548B008D2DB4 /* CategoriesViewController.m */ = {isa = PBXFileReference; fileEncoding = 4; lastKnownFileType = sourcecode.c.objc; name = CategoriesViewController.m; path = Controllers/CategoriesViewController.m; sourceTree = "<group>"; };
		B02366EF1DDD5597008D2DB4 /* CategoriesService.h */ = {isa = PBXFileReference; fileEncoding = 4; lastKnownFileType = sourcecode.c.h; name = CategoriesService.h; path = Services/CategoriesService.h; sourceTree = "<group>"; };
		B02366F01DDD5597008D2DB4 /* CategoriesService.m */ = {isa = PBXFileReference; fileEncoding = 4; lastKnownFileType = sourcecode.c.objc; name = CategoriesService.m; path = Services/CategoriesService.m; sourceTree = "<group>"; };
		B02366F31DDD58D6008D2DB4 /* CategoryCollectionViewCell.h */ = {isa = PBXFileReference; fileEncoding = 4; lastKnownFileType = sourcecode.c.h; name = CategoryCollectionViewCell.h; path = Views/CategoryCollectionViewCell.h; sourceTree = "<group>"; };
		B02366F41DDD58D6008D2DB4 /* CategoryCollectionViewCell.m */ = {isa = PBXFileReference; fileEncoding = 4; lastKnownFileType = sourcecode.c.objc; name = CategoryCollectionViewCell.m; path = Views/CategoryCollectionViewCell.m; sourceTree = "<group>"; };
		B02366F51DDD58D6008D2DB4 /* CategoryCollectionViewCell.xib */ = {isa = PBXFileReference; fileEncoding = 4; lastKnownFileType = file.xib; name = CategoryCollectionViewCell.xib; path = Views/CategoryCollectionViewCell.xib; sourceTree = "<group>"; };
		B051D2D71DDD5E410021898B /* CategoryModel.h */ = {isa = PBXFileReference; fileEncoding = 4; lastKnownFileType = sourcecode.c.h; name = CategoryModel.h; path = Models/CategoryModel.h; sourceTree = "<group>"; };
		B051D2D81DDD5E410021898B /* CategoryModel.m */ = {isa = PBXFileReference; fileEncoding = 4; lastKnownFileType = sourcecode.c.objc; name = CategoryModel.m; path = Models/CategoryModel.m; sourceTree = "<group>"; };
		B051D2DA1DDD6CB30021898B /* ImageCacheService.h */ = {isa = PBXFileReference; fileEncoding = 4; lastKnownFileType = sourcecode.c.h; name = ImageCacheService.h; path = Services/ImageCacheService.h; sourceTree = "<group>"; };
		B051D2DB1DDD6CB30021898B /* ImageCacheService.m */ = {isa = PBXFileReference; fileEncoding = 4; lastKnownFileType = sourcecode.c.objc; name = ImageCacheService.m; path = Services/ImageCacheService.m; sourceTree = "<group>"; };
		B051D2DF1DDD75290021898B /* AppDelegate.h */ = {isa = PBXFileReference; fileEncoding = 4; lastKnownFileType = sourcecode.c.h; name = AppDelegate.h; path = Application/AppDelegate.h; sourceTree = "<group>"; };
		B051D2E01DDD75290021898B /* AppDelegate.m */ = {isa = PBXFileReference; fileEncoding = 4; lastKnownFileType = sourcecode.c.objc; name = AppDelegate.m; path = Application/AppDelegate.m; sourceTree = "<group>"; };
		B051D2E21DDD75290021898B /* main.m */ = {isa = PBXFileReference; fileEncoding = 4; lastKnownFileType = sourcecode.c.objc; name = main.m; path = Application/main.m; sourceTree = "<group>"; };
		B051D2E71DDD75460021898B /* Base */ = {isa = PBXFileReference; lastKnownFileType = file.storyboard; name = Base; path = Base.lproj/Main.storyboard; sourceTree = "<group>"; };
		B051D2E91DDD75750021898B /* Info.plist */ = {isa = PBXFileReference; fileEncoding = 4; lastKnownFileType = text.plist.xml; path = Info.plist; sourceTree = "<group>"; };
		B051D2EB1DDD78860021898B /* ProductModel.h */ = {isa = PBXFileReference; fileEncoding = 4; lastKnownFileType = sourcecode.c.h; name = ProductModel.h; path = Models/ProductModel.h; sourceTree = "<group>"; };
		B051D2EC1DDD78860021898B /* ProductModel.m */ = {isa = PBXFileReference; fileEncoding = 4; lastKnownFileType = sourcecode.c.objc; name = ProductModel.m; path = Models/ProductModel.m; sourceTree = "<group>"; };
		B051D2EF1DDD7A0B0021898B /* NSDictionary+SafeExtract.h */ = {isa = PBXFileReference; fileEncoding = 4; lastKnownFileType = sourcecode.c.h; name = "NSDictionary+SafeExtract.h"; path = "Categories/NSDictionary+SafeExtract.h"; sourceTree = "<group>"; };
		B051D2F01DDD7A0B0021898B /* NSDictionary+SafeExtract.m */ = {isa = PBXFileReference; fileEncoding = 4; lastKnownFileType = sourcecode.c.objc; name = "NSDictionary+SafeExtract.m"; path = "Categories/NSDictionary+SafeExtract.m"; sourceTree = "<group>"; };
		B051D2F31DDD7C480021898B /* JSONObject.h */ = {isa = PBXFileReference; fileEncoding = 4; lastKnownFileType = sourcecode.c.h; name = JSONObject.h; path = Models/JSONObject.h; sourceTree = "<group>"; };
		B051D2F41DDD7C480021898B /* JSONObject.m */ = {isa = PBXFileReference; fileEncoding = 4; lastKnownFileType = sourcecode.c.objc; name = JSONObject.m; path = Models/JSONObject.m; sourceTree = "<group>"; };
		B051D2F61DDD7FCA0021898B /* ImageCacheServiceTests.m */ = {isa = PBXFileReference; fileEncoding = 4; lastKnownFileType = sourcecode.c.objc; path = ImageCacheServiceTests.m; sourceTree = "<group>"; };
		B0C422A61DDC269B00081807 /* Bonobos.app */ = {isa = PBXFileReference; explicitFileType = wrapper.application; includeInIndex = 0; path = Bonobos.app; sourceTree = BUILT_PRODUCTS_DIR; };
		B0C422B51DDC269B00081807 /* Assets.xcassets */ = {isa = PBXFileReference; lastKnownFileType = folder.assetcatalog; path = Assets.xcassets; sourceTree = "<group>"; };
		B0C422B81DDC269B00081807 /* Base */ = {isa = PBXFileReference; lastKnownFileType = file.storyboard; name = Base; path = Base.lproj/LaunchScreen.storyboard; sourceTree = "<group>"; };
		B0C422BF1DDC269B00081807 /* BonobosTests.xctest */ = {isa = PBXFileReference; explicitFileType = wrapper.cfbundle; includeInIndex = 0; path = BonobosTests.xctest; sourceTree = BUILT_PRODUCTS_DIR; };
		B0C422C51DDC269B00081807 /* Info.plist */ = {isa = PBXFileReference; lastKnownFileType = text.plist.xml; path = Info.plist; sourceTree = "<group>"; };
		B0C422CA1DDC269B00081807 /* BonobosUITests.xctest */ = {isa = PBXFileReference; explicitFileType = wrapper.cfbundle; includeInIndex = 0; path = BonobosUITests.xctest; sourceTree = BUILT_PRODUCTS_DIR; };
		B0C422CE1DDC269B00081807 /* BonobosUITests.m */ = {isa = PBXFileReference; lastKnownFileType = sourcecode.c.objc; path = BonobosUITests.m; sourceTree = "<group>"; };
		B0C422D01DDC269B00081807 /* Info.plist */ = {isa = PBXFileReference; lastKnownFileType = text.plist.xml; path = Info.plist; sourceTree = "<group>"; };
		E3F29296A73A12D8294B5030 /* Pods-BonobosUITests.release.xcconfig */ = {isa = PBXFileReference; includeInIndex = 1; lastKnownFileType = text.xcconfig; name = "Pods-BonobosUITests.release.xcconfig"; path = "Pods/Target Support Files/Pods-BonobosUITests/Pods-BonobosUITests.release.xcconfig"; sourceTree = "<group>"; };
		FF5B583B9C630A94C18840AA /* Pods-Bonobos.debug.xcconfig */ = {isa = PBXFileReference; includeInIndex = 1; lastKnownFileType = text.xcconfig; name = "Pods-Bonobos.debug.xcconfig"; path = "Pods/Target Support Files/Pods-Bonobos/Pods-Bonobos.debug.xcconfig"; sourceTree = "<group>"; };
/* End PBXFileReference section */

/* Begin PBXFrameworksBuildPhase section */
		B0C422A31DDC269B00081807 /* Frameworks */ = {
			isa = PBXFrameworksBuildPhase;
			buildActionMask = 2147483647;
			files = (
				AB07BA03FD1847F3E30457F1 /* libPods-Bonobos.a in Frameworks */,
			);
			runOnlyForDeploymentPostprocessing = 0;
		};
		B0C422BC1DDC269B00081807 /* Frameworks */ = {
			isa = PBXFrameworksBuildPhase;
			buildActionMask = 2147483647;
			files = (
				E51644635BD7927255194EEC /* libPods-BonobosTests.a in Frameworks */,
			);
			runOnlyForDeploymentPostprocessing = 0;
		};
		B0C422C71DDC269B00081807 /* Frameworks */ = {
			isa = PBXFrameworksBuildPhase;
			buildActionMask = 2147483647;
			files = (
				F302073DF3FBC205DE932D23 /* libPods-BonobosUITests.a in Frameworks */,
			);
			runOnlyForDeploymentPostprocessing = 0;
		};
/* End PBXFrameworksBuildPhase section */

/* Begin PBXGroup section */
		0580A6ACE7AF9F2331A3C627 /* Frameworks */ = {
			isa = PBXGroup;
			children = (
				23B940E89072C90AB5605DF0 /* libPods-Bonobos.a */,
				6EEEF2ED7C3F29B5F1DAB734 /* libPods-BonobosTests.a */,
				53EBC24FD099DE748AA6AF0A /* libPods-BonobosUITests.a */,
			);
			name = Frameworks;
			sourceTree = "<group>";
		};
		B02366E91DDD543F008D2DB4 /* Models */ = {
			isa = PBXGroup;
			children = (
				B051D2F31DDD7C480021898B /* JSONObject.h */,
				B051D2F41DDD7C480021898B /* JSONObject.m */,
				B051D2D71DDD5E410021898B /* CategoryModel.h */,
				B051D2D81DDD5E410021898B /* CategoryModel.m */,
				B051D2EB1DDD78860021898B /* ProductModel.h */,
				B051D2EC1DDD78860021898B /* ProductModel.m */,
			);
			name = Models;
			sourceTree = "<group>";
		};
		B02366EA1DDD5443008D2DB4 /* Services */ = {
			isa = PBXGroup;
			children = (
				B02366EF1DDD5597008D2DB4 /* CategoriesService.h */,
				B02366F01DDD5597008D2DB4 /* CategoriesService.m */,
				B051D2DA1DDD6CB30021898B /* ImageCacheService.h */,
				B051D2DB1DDD6CB30021898B /* ImageCacheService.m */,
			);
			name = Services;
			sourceTree = "<group>";
		};
		B02366EB1DDD5448008D2DB4 /* Controllers */ = {
			isa = PBXGroup;
			children = (
				B02366EC1DDD548B008D2DB4 /* CategoriesViewController.h */,
				B02366ED1DDD548B008D2DB4 /* CategoriesViewController.m */,
			);
			name = Controllers;
			sourceTree = "<group>";
		};
		B02366F21DDD58BA008D2DB4 /* Views */ = {
			isa = PBXGroup;
			children = (
				B02366F31DDD58D6008D2DB4 /* CategoryCollectionViewCell.h */,
				B02366F41DDD58D6008D2DB4 /* CategoryCollectionViewCell.m */,
				B02366F51DDD58D6008D2DB4 /* CategoryCollectionViewCell.xib */,
			);
			name = Views;
			sourceTree = "<group>";
		};
		B051D2DD1DDD75040021898B /* Application */ = {
			isa = PBXGroup;
			children = (
				B051D2DF1DDD75290021898B /* AppDelegate.h */,
				B051D2E01DDD75290021898B /* AppDelegate.m */,
				B051D2E21DDD75290021898B /* main.m */,
			);
			name = Application;
			sourceTree = "<group>";
		};
		B051D2DE1DDD750B0021898B /* Storyboards */ = {
			isa = PBXGroup;
			children = (
				B051D2E61DDD75460021898B /* Main.storyboard */,
				B0C422B71DDC269B00081807 /* LaunchScreen.storyboard */,
			);
			name = Storyboards;
			sourceTree = "<group>";
		};
		B051D2EE1DDD79D20021898B /* Categories */ = {
			isa = PBXGroup;
			children = (
				B051D2EF1DDD7A0B0021898B /* NSDictionary+SafeExtract.h */,
				B051D2F01DDD7A0B0021898B /* NSDictionary+SafeExtract.m */,
			);
			name = Categories;
			sourceTree = "<group>";
		};
		B0C4229D1DDC269B00081807 = {
			isa = PBXGroup;
			children = (
				B0C422A81DDC269B00081807 /* Bonobos */,
				B0C422C21DDC269B00081807 /* BonobosTests */,
				B0C422CD1DDC269B00081807 /* BonobosUITests */,
				B0C422A71DDC269B00081807 /* Products */,
				C81D04C09403DB55473F8A96 /* Pods */,
				0580A6ACE7AF9F2331A3C627 /* Frameworks */,
			);
			sourceTree = "<group>";
		};
		B0C422A71DDC269B00081807 /* Products */ = {
			isa = PBXGroup;
			children = (
				B0C422A61DDC269B00081807 /* Bonobos.app */,
				B0C422BF1DDC269B00081807 /* BonobosTests.xctest */,
				B0C422CA1DDC269B00081807 /* BonobosUITests.xctest */,
			);
			name = Products;
			sourceTree = "<group>";
		};
		B0C422A81DDC269B00081807 /* Bonobos */ = {
			isa = PBXGroup;
			children = (
				B02366EA1DDD5443008D2DB4 /* Services */,
				B02366E91DDD543F008D2DB4 /* Models */,
				B02366EB1DDD5448008D2DB4 /* Controllers */,
				B02366F21DDD58BA008D2DB4 /* Views */,
				B051D2DE1DDD750B0021898B /* Storyboards */,
				B051D2EE1DDD79D20021898B /* Categories */,
				B051D2DD1DDD75040021898B /* Application */,
				B0C422B51DDC269B00081807 /* Assets.xcassets */,
				B051D2E91DDD75750021898B /* Info.plist */,
			);
			path = Bonobos;
			sourceTree = "<group>";
		};
		B0C422C21DDC269B00081807 /* BonobosTests */ = {
			isa = PBXGroup;
			children = (
				B051D2F61DDD7FCA0021898B /* ImageCacheServiceTests.m */,
				B0C422C51DDC269B00081807 /* Info.plist */,
			);
			path = BonobosTests;
			sourceTree = "<group>";
		};
		B0C422CD1DDC269B00081807 /* BonobosUITests */ = {
			isa = PBXGroup;
			children = (
				B0C422CE1DDC269B00081807 /* BonobosUITests.m */,
				B0C422D01DDC269B00081807 /* Info.plist */,
			);
			path = BonobosUITests;
			sourceTree = "<group>";
		};
		C81D04C09403DB55473F8A96 /* Pods */ = {
			isa = PBXGroup;
			children = (
				FF5B583B9C630A94C18840AA /* Pods-Bonobos.debug.xcconfig */,
				963A8DBA5411F0361307261D /* Pods-Bonobos.release.xcconfig */,
				A3A185EDCAA8B20A120F48BE /* Pods-BonobosTests.debug.xcconfig */,
				24B299852C298300A9F22063 /* Pods-BonobosTests.release.xcconfig */,
				98F27D4CF10ADECB1D79A759 /* Pods-BonobosUITests.debug.xcconfig */,
				E3F29296A73A12D8294B5030 /* Pods-BonobosUITests.release.xcconfig */,
			);
			name = Pods;
			sourceTree = "<group>";
		};
/* End PBXGroup section */

/* Begin PBXNativeTarget section */
		B0C422A51DDC269B00081807 /* Bonobos */ = {
			isa = PBXNativeTarget;
			buildConfigurationList = B0C422D31DDC269B00081807 /* Build configuration list for PBXNativeTarget "Bonobos" */;
			buildPhases = (
				0021780AA9E21D9B7FF38BBF /* [CP] Check Pods Manifest.lock */,
				B0C422A21DDC269B00081807 /* Sources */,
				B0C422A31DDC269B00081807 /* Frameworks */,
				B0C422A41DDC269B00081807 /* Resources */,
				9C4E614478D69608F09C29E5 /* [CP] Embed Pods Frameworks */,
				1DD2477FF0272E60630876D0 /* [CP] Copy Pods Resources */,
			);
			buildRules = (
			);
			dependencies = (
			);
			name = Bonobos;
			productName = Bonobos;
			productReference = B0C422A61DDC269B00081807 /* Bonobos.app */;
			productType = "com.apple.product-type.application";
		};
		B0C422BE1DDC269B00081807 /* BonobosTests */ = {
			isa = PBXNativeTarget;
			buildConfigurationList = B0C422D61DDC269B00081807 /* Build configuration list for PBXNativeTarget "BonobosTests" */;
			buildPhases = (
				2C1F5D0B25ED0FFE1DAB0A82 /* [CP] Check Pods Manifest.lock */,
				B0C422BB1DDC269B00081807 /* Sources */,
				B0C422BC1DDC269B00081807 /* Frameworks */,
				B0C422BD1DDC269B00081807 /* Resources */,
				C3009300305E28396F06AAC4 /* [CP] Embed Pods Frameworks */,
				21A6DF4D551636BCF73D03A6 /* [CP] Copy Pods Resources */,
			);
			buildRules = (
			);
			dependencies = (
				B0C422C11DDC269B00081807 /* PBXTargetDependency */,
			);
			name = BonobosTests;
			productName = BonobosTests;
			productReference = B0C422BF1DDC269B00081807 /* BonobosTests.xctest */;
			productType = "com.apple.product-type.bundle.unit-test";
		};
		B0C422C91DDC269B00081807 /* BonobosUITests */ = {
			isa = PBXNativeTarget;
			buildConfigurationList = B0C422D91DDC269B00081807 /* Build configuration list for PBXNativeTarget "BonobosUITests" */;
			buildPhases = (
				D812EE6847D6D6F662F8A553 /* [CP] Check Pods Manifest.lock */,
				B0C422C61DDC269B00081807 /* Sources */,
				B0C422C71DDC269B00081807 /* Frameworks */,
				B0C422C81DDC269B00081807 /* Resources */,
				941A982B34578615626C0900 /* [CP] Embed Pods Frameworks */,
				F829BD2D8000A4C078FA8CC3 /* [CP] Copy Pods Resources */,
			);
			buildRules = (
			);
			dependencies = (
				B0C422CC1DDC269B00081807 /* PBXTargetDependency */,
			);
			name = BonobosUITests;
			productName = BonobosUITests;
			productReference = B0C422CA1DDC269B00081807 /* BonobosUITests.xctest */;
			productType = "com.apple.product-type.bundle.ui-testing";
		};
/* End PBXNativeTarget section */

/* Begin PBXProject section */
		B0C4229E1DDC269B00081807 /* Project object */ = {
			isa = PBXProject;
			attributes = {
				LastUpgradeCheck = 0810;
				ORGANIZATIONNAME = "Steven Diaz";
				TargetAttributes = {
					B0C422A51DDC269B00081807 = {
						CreatedOnToolsVersion = 8.1;
						DevelopmentTeam = 8CM9FHQ3D4;
						ProvisioningStyle = Automatic;
					};
					B0C422BE1DDC269B00081807 = {
						CreatedOnToolsVersion = 8.1;
						DevelopmentTeam = 8CM9FHQ3D4;
						ProvisioningStyle = Automatic;
						TestTargetID = B0C422A51DDC269B00081807;
					};
					B0C422C91DDC269B00081807 = {
						CreatedOnToolsVersion = 8.1;
						DevelopmentTeam = 8CM9FHQ3D4;
						ProvisioningStyle = Automatic;
						TestTargetID = B0C422A51DDC269B00081807;
					};
				};
			};
			buildConfigurationList = B0C422A11DDC269B00081807 /* Build configuration list for PBXProject "Bonobos" */;
			compatibilityVersion = "Xcode 3.2";
			developmentRegion = English;
			hasScannedForEncodings = 0;
			knownRegions = (
				en,
				Base,
			);
			mainGroup = B0C4229D1DDC269B00081807;
			productRefGroup = B0C422A71DDC269B00081807 /* Products */;
			projectDirPath = "";
			projectRoot = "";
			targets = (
				B0C422A51DDC269B00081807 /* Bonobos */,
				B0C422BE1DDC269B00081807 /* BonobosTests */,
				B0C422C91DDC269B00081807 /* BonobosUITests */,
			);
		};
/* End PBXProject section */

/* Begin PBXResourcesBuildPhase section */
		B0C422A41DDC269B00081807 /* Resources */ = {
			isa = PBXResourcesBuildPhase;
			buildActionMask = 2147483647;
			files = (
				B02366F71DDD58D6008D2DB4 /* CategoryCollectionViewCell.xib in Resources */,
				B051D2E81DDD75460021898B /* Main.storyboard in Resources */,
				B0C422B91DDC269B00081807 /* LaunchScreen.storyboard in Resources */,
				B051D2EA1DDD75750021898B /* Info.plist in Resources */,
				B0C422B61DDC269B00081807 /* Assets.xcassets in Resources */,
			);
			runOnlyForDeploymentPostprocessing = 0;
		};
		B0C422BD1DDC269B00081807 /* Resources */ = {
			isa = PBXResourcesBuildPhase;
			buildActionMask = 2147483647;
			files = (
			);
			runOnlyForDeploymentPostprocessing = 0;
		};
		B0C422C81DDC269B00081807 /* Resources */ = {
			isa = PBXResourcesBuildPhase;
			buildActionMask = 2147483647;
			files = (
			);
			runOnlyForDeploymentPostprocessing = 0;
		};
/* End PBXResourcesBuildPhase section */

/* Begin PBXShellScriptBuildPhase section */
		0021780AA9E21D9B7FF38BBF /* [CP] Check Pods Manifest.lock */ = {
			isa = PBXShellScriptBuildPhase;
			buildActionMask = 2147483647;
			files = (
			);
			inputPaths = (
			);
			name = "[CP] Check Pods Manifest.lock";
			outputPaths = (
			);
			runOnlyForDeploymentPostprocessing = 0;
			shellPath = /bin/sh;
			shellScript = "diff \"${PODS_ROOT}/../Podfile.lock\" \"${PODS_ROOT}/Manifest.lock\" > /dev/null\nif [ $? != 0 ] ; then\n    # print error to STDERR\n    echo \"error: The sandbox is not in sync with the Podfile.lock. Run 'pod install' or update your CocoaPods installation.\" >&2\n    exit 1\nfi\n";
			showEnvVarsInLog = 0;
		};
		1DD2477FF0272E60630876D0 /* [CP] Copy Pods Resources */ = {
			isa = PBXShellScriptBuildPhase;
			buildActionMask = 2147483647;
			files = (
			);
			inputPaths = (
			);
			name = "[CP] Copy Pods Resources";
			outputPaths = (
			);
			runOnlyForDeploymentPostprocessing = 0;
			shellPath = /bin/sh;
			shellScript = "\"${SRCROOT}/Pods/Target Support Files/Pods-Bonobos/Pods-Bonobos-resources.sh\"\n";
			showEnvVarsInLog = 0;
		};
		21A6DF4D551636BCF73D03A6 /* [CP] Copy Pods Resources */ = {
			isa = PBXShellScriptBuildPhase;
			buildActionMask = 2147483647;
			files = (
			);
			inputPaths = (
			);
			name = "[CP] Copy Pods Resources";
			outputPaths = (
			);
			runOnlyForDeploymentPostprocessing = 0;
			shellPath = /bin/sh;
			shellScript = "\"${SRCROOT}/Pods/Target Support Files/Pods-BonobosTests/Pods-BonobosTests-resources.sh\"\n";
			showEnvVarsInLog = 0;
		};
		2C1F5D0B25ED0FFE1DAB0A82 /* [CP] Check Pods Manifest.lock */ = {
			isa = PBXShellScriptBuildPhase;
			buildActionMask = 2147483647;
			files = (
			);
			inputPaths = (
			);
			name = "[CP] Check Pods Manifest.lock";
			outputPaths = (
			);
			runOnlyForDeploymentPostprocessing = 0;
			shellPath = /bin/sh;
			shellScript = "diff \"${PODS_ROOT}/../Podfile.lock\" \"${PODS_ROOT}/Manifest.lock\" > /dev/null\nif [ $? != 0 ] ; then\n    # print error to STDERR\n    echo \"error: The sandbox is not in sync with the Podfile.lock. Run 'pod install' or update your CocoaPods installation.\" >&2\n    exit 1\nfi\n";
			showEnvVarsInLog = 0;
		};
		941A982B34578615626C0900 /* [CP] Embed Pods Frameworks */ = {
			isa = PBXShellScriptBuildPhase;
			buildActionMask = 2147483647;
			files = (
			);
			inputPaths = (
			);
			name = "[CP] Embed Pods Frameworks";
			outputPaths = (
			);
			runOnlyForDeploymentPostprocessing = 0;
			shellPath = /bin/sh;
			shellScript = "\"${SRCROOT}/Pods/Target Support Files/Pods-BonobosUITests/Pods-BonobosUITests-frameworks.sh\"\n";
			showEnvVarsInLog = 0;
		};
		9C4E614478D69608F09C29E5 /* [CP] Embed Pods Frameworks */ = {
			isa = PBXShellScriptBuildPhase;
			buildActionMask = 2147483647;
			files = (
			);
			inputPaths = (
			);
			name = "[CP] Embed Pods Frameworks";
			outputPaths = (
			);
			runOnlyForDeploymentPostprocessing = 0;
			shellPath = /bin/sh;
			shellScript = "\"${SRCROOT}/Pods/Target Support Files/Pods-Bonobos/Pods-Bonobos-frameworks.sh\"\n";
			showEnvVarsInLog = 0;
		};
		C3009300305E28396F06AAC4 /* [CP] Embed Pods Frameworks */ = {
			isa = PBXShellScriptBuildPhase;
			buildActionMask = 2147483647;
			files = (
			);
			inputPaths = (
			);
			name = "[CP] Embed Pods Frameworks";
			outputPaths = (
			);
			runOnlyForDeploymentPostprocessing = 0;
			shellPath = /bin/sh;
			shellScript = "\"${SRCROOT}/Pods/Target Support Files/Pods-BonobosTests/Pods-BonobosTests-frameworks.sh\"\n";
			showEnvVarsInLog = 0;
		};
		D812EE6847D6D6F662F8A553 /* [CP] Check Pods Manifest.lock */ = {
			isa = PBXShellScriptBuildPhase;
			buildActionMask = 2147483647;
			files = (
			);
			inputPaths = (
			);
			name = "[CP] Check Pods Manifest.lock";
			outputPaths = (
			);
			runOnlyForDeploymentPostprocessing = 0;
			shellPath = /bin/sh;
			shellScript = "diff \"${PODS_ROOT}/../Podfile.lock\" \"${PODS_ROOT}/Manifest.lock\" > /dev/null\nif [ $? != 0 ] ; then\n    # print error to STDERR\n    echo \"error: The sandbox is not in sync with the Podfile.lock. Run 'pod install' or update your CocoaPods installation.\" >&2\n    exit 1\nfi\n";
			showEnvVarsInLog = 0;
		};
		F829BD2D8000A4C078FA8CC3 /* [CP] Copy Pods Resources */ = {
			isa = PBXShellScriptBuildPhase;
			buildActionMask = 2147483647;
			files = (
			);
			inputPaths = (
			);
			name = "[CP] Copy Pods Resources";
			outputPaths = (
			);
			runOnlyForDeploymentPostprocessing = 0;
			shellPath = /bin/sh;
			shellScript = "\"${SRCROOT}/Pods/Target Support Files/Pods-BonobosUITests/Pods-BonobosUITests-resources.sh\"\n";
			showEnvVarsInLog = 0;
		};
/* End PBXShellScriptBuildPhase section */

/* Begin PBXSourcesBuildPhase section */
		B0C422A21DDC269B00081807 /* Sources */ = {
			isa = PBXSourcesBuildPhase;
			buildActionMask = 2147483647;
			files = (
				B051D2F11DDD7A0B0021898B /* NSDictionary+SafeExtract.m in Sources */,
				B02366F61DDD58D6008D2DB4 /* CategoryCollectionViewCell.m in Sources */,
				B051D2F51DDD7C480021898B /* JSONObject.m in Sources */,
				B051D2DC1DDD6CB30021898B /* ImageCacheService.m in Sources */,
				B051D2E31DDD75290021898B /* AppDelegate.m in Sources */,
				B051D2ED1DDD78860021898B /* ProductModel.m in Sources */,
				B051D2D91DDD5E410021898B /* CategoryModel.m in Sources */,
				B02366F11DDD5597008D2DB4 /* CategoriesService.m in Sources */,
				B051D2E51DDD75290021898B /* main.m in Sources */,
				B02366EE1DDD548B008D2DB4 /* CategoriesViewController.m in Sources */,
			);
			runOnlyForDeploymentPostprocessing = 0;
		};
		B0C422BB1DDC269B00081807 /* Sources */ = {
			isa = PBXSourcesBuildPhase;
			buildActionMask = 2147483647;
			files = (
				B051D2F71DDD7FCA0021898B /* ImageCacheServiceTests.m in Sources */,
			);
			runOnlyForDeploymentPostprocessing = 0;
		};
		B0C422C61DDC269B00081807 /* Sources */ = {
			isa = PBXSourcesBuildPhase;
			buildActionMask = 2147483647;
			files = (
				B0C422CF1DDC269B00081807 /* BonobosUITests.m in Sources */,
			);
			runOnlyForDeploymentPostprocessing = 0;
		};
/* End PBXSourcesBuildPhase section */

/* Begin PBXTargetDependency section */
		B0C422C11DDC269B00081807 /* PBXTargetDependency */ = {
			isa = PBXTargetDependency;
			target = B0C422A51DDC269B00081807 /* Bonobos */;
			targetProxy = B0C422C01DDC269B00081807 /* PBXContainerItemProxy */;
		};
		B0C422CC1DDC269B00081807 /* PBXTargetDependency */ = {
			isa = PBXTargetDependency;
			target = B0C422A51DDC269B00081807 /* Bonobos */;
			targetProxy = B0C422CB1DDC269B00081807 /* PBXContainerItemProxy */;
		};
/* End PBXTargetDependency section */

/* Begin PBXVariantGroup section */
		B051D2E61DDD75460021898B /* Main.storyboard */ = {
			isa = PBXVariantGroup;
			children = (
				B051D2E71DDD75460021898B /* Base */,
			);
			name = Main.storyboard;
			sourceTree = "<group>";
		};
		B0C422B71DDC269B00081807 /* LaunchScreen.storyboard */ = {
			isa = PBXVariantGroup;
			children = (
				B0C422B81DDC269B00081807 /* Base */,
			);
			name = LaunchScreen.storyboard;
			sourceTree = "<group>";
		};
/* End PBXVariantGroup section */

/* Begin XCBuildConfiguration section */
		B0C422D11DDC269B00081807 /* Debug */ = {
			isa = XCBuildConfiguration;
			buildSettings = {
				ALWAYS_SEARCH_USER_PATHS = NO;
				CLANG_ANALYZER_NONNULL = YES;
				CLANG_CXX_LANGUAGE_STANDARD = "gnu++0x";
				CLANG_CXX_LIBRARY = "libc++";
				CLANG_ENABLE_MODULES = YES;
				CLANG_ENABLE_OBJC_ARC = YES;
				CLANG_WARN_BOOL_CONVERSION = YES;
				CLANG_WARN_CONSTANT_CONVERSION = YES;
				CLANG_WARN_DIRECT_OBJC_ISA_USAGE = YES_ERROR;
				CLANG_WARN_DOCUMENTATION_COMMENTS = YES;
				CLANG_WARN_EMPTY_BODY = YES;
				CLANG_WARN_ENUM_CONVERSION = YES;
				CLANG_WARN_INFINITE_RECURSION = YES;
				CLANG_WARN_INT_CONVERSION = YES;
				CLANG_WARN_OBJC_ROOT_CLASS = YES_ERROR;
				CLANG_WARN_SUSPICIOUS_MOVES = YES;
				CLANG_WARN_UNREACHABLE_CODE = YES;
				CLANG_WARN__DUPLICATE_METHOD_MATCH = YES;
				"CODE_SIGN_IDENTITY[sdk=iphoneos*]" = "iPhone Developer";
				COPY_PHASE_STRIP = NO;
				DEBUG_INFORMATION_FORMAT = dwarf;
				ENABLE_STRICT_OBJC_MSGSEND = YES;
				ENABLE_TESTABILITY = YES;
				GCC_C_LANGUAGE_STANDARD = gnu99;
				GCC_DYNAMIC_NO_PIC = NO;
				GCC_NO_COMMON_BLOCKS = YES;
				GCC_OPTIMIZATION_LEVEL = 0;
				GCC_PREPROCESSOR_DEFINITIONS = (
					"DEBUG=1",
					"$(inherited)",
				);
				GCC_WARN_64_TO_32_BIT_CONVERSION = YES;
				GCC_WARN_ABOUT_RETURN_TYPE = YES_ERROR;
				GCC_WARN_UNDECLARED_SELECTOR = YES;
				GCC_WARN_UNINITIALIZED_AUTOS = YES_AGGRESSIVE;
				GCC_WARN_UNUSED_FUNCTION = YES;
				GCC_WARN_UNUSED_VARIABLE = YES;
				IPHONEOS_DEPLOYMENT_TARGET = 10.1;
				MTL_ENABLE_DEBUG_INFO = YES;
				ONLY_ACTIVE_ARCH = YES;
				SDKROOT = iphoneos;
			};
			name = Debug;
		};
		B0C422D21DDC269B00081807 /* Release */ = {
			isa = XCBuildConfiguration;
			buildSettings = {
				ALWAYS_SEARCH_USER_PATHS = NO;
				CLANG_ANALYZER_NONNULL = YES;
				CLANG_CXX_LANGUAGE_STANDARD = "gnu++0x";
				CLANG_CXX_LIBRARY = "libc++";
				CLANG_ENABLE_MODULES = YES;
				CLANG_ENABLE_OBJC_ARC = YES;
				CLANG_WARN_BOOL_CONVERSION = YES;
				CLANG_WARN_CONSTANT_CONVERSION = YES;
				CLANG_WARN_DIRECT_OBJC_ISA_USAGE = YES_ERROR;
				CLANG_WARN_DOCUMENTATION_COMMENTS = YES;
				CLANG_WARN_EMPTY_BODY = YES;
				CLANG_WARN_ENUM_CONVERSION = YES;
				CLANG_WARN_INFINITE_RECURSION = YES;
				CLANG_WARN_INT_CONVERSION = YES;
				CLANG_WARN_OBJC_ROOT_CLASS = YES_ERROR;
				CLANG_WARN_SUSPICIOUS_MOVES = YES;
				CLANG_WARN_UNREACHABLE_CODE = YES;
				CLANG_WARN__DUPLICATE_METHOD_MATCH = YES;
				"CODE_SIGN_IDENTITY[sdk=iphoneos*]" = "iPhone Developer";
				COPY_PHASE_STRIP = NO;
				DEBUG_INFORMATION_FORMAT = "dwarf-with-dsym";
				ENABLE_NS_ASSERTIONS = NO;
				ENABLE_STRICT_OBJC_MSGSEND = YES;
				GCC_C_LANGUAGE_STANDARD = gnu99;
				GCC_NO_COMMON_BLOCKS = YES;
				GCC_WARN_64_TO_32_BIT_CONVERSION = YES;
				GCC_WARN_ABOUT_RETURN_TYPE = YES_ERROR;
				GCC_WARN_UNDECLARED_SELECTOR = YES;
				GCC_WARN_UNINITIALIZED_AUTOS = YES_AGGRESSIVE;
				GCC_WARN_UNUSED_FUNCTION = YES;
				GCC_WARN_UNUSED_VARIABLE = YES;
				IPHONEOS_DEPLOYMENT_TARGET = 10.1;
				MTL_ENABLE_DEBUG_INFO = NO;
				SDKROOT = iphoneos;
				VALIDATE_PRODUCT = YES;
			};
			name = Release;
		};
		B0C422D41DDC269B00081807 /* Debug */ = {
			isa = XCBuildConfiguration;
			baseConfigurationReference = FF5B583B9C630A94C18840AA /* Pods-Bonobos.debug.xcconfig */;
			buildSettings = {
				ASSETCATALOG_COMPILER_APPICON_NAME = AppIcon;
				DEVELOPMENT_TEAM = 8CM9FHQ3D4;
				INFOPLIST_FILE = Bonobos/Info.plist;
				LD_RUNPATH_SEARCH_PATHS = "$(inherited) @executable_path/Frameworks";
				PRODUCT_BUNDLE_IDENTIFIER = com.sdiaz.Bonobos;
				PRODUCT_NAME = "$(TARGET_NAME)";
			};
			name = Debug;
		};
		B0C422D51DDC269B00081807 /* Release */ = {
			isa = XCBuildConfiguration;
			baseConfigurationReference = 963A8DBA5411F0361307261D /* Pods-Bonobos.release.xcconfig */;
			buildSettings = {
				ASSETCATALOG_COMPILER_APPICON_NAME = AppIcon;
				DEVELOPMENT_TEAM = 8CM9FHQ3D4;
				INFOPLIST_FILE = Bonobos/Info.plist;
				LD_RUNPATH_SEARCH_PATHS = "$(inherited) @executable_path/Frameworks";
				PRODUCT_BUNDLE_IDENTIFIER = com.sdiaz.Bonobos;
				PRODUCT_NAME = "$(TARGET_NAME)";
			};
			name = Release;
		};
		B0C422D71DDC269B00081807 /* Debug */ = {
			isa = XCBuildConfiguration;
			baseConfigurationReference = A3A185EDCAA8B20A120F48BE /* Pods-BonobosTests.debug.xcconfig */;
			buildSettings = {
				BUNDLE_LOADER = "$(TEST_HOST)";
				DEVELOPMENT_TEAM = 8CM9FHQ3D4;
				INFOPLIST_FILE = BonobosTests/Info.plist;
				LD_RUNPATH_SEARCH_PATHS = "$(inherited) @executable_path/Frameworks @loader_path/Frameworks";
				PRODUCT_BUNDLE_IDENTIFIER = com.sdiaz.BonobosTests;
				PRODUCT_NAME = "$(TARGET_NAME)";
				TEST_HOST = "$(BUILT_PRODUCTS_DIR)/Bonobos.app/Bonobos";
			};
			name = Debug;
		};
		B0C422D81DDC269B00081807 /* Release */ = {
			isa = XCBuildConfiguration;
			baseConfigurationReference = 24B299852C298300A9F22063 /* Pods-BonobosTests.release.xcconfig */;
			buildSettings = {
				BUNDLE_LOADER = "$(TEST_HOST)";
				DEVELOPMENT_TEAM = 8CM9FHQ3D4;
				INFOPLIST_FILE = BonobosTests/Info.plist;
				LD_RUNPATH_SEARCH_PATHS = "$(inherited) @executable_path/Frameworks @loader_path/Frameworks";
				PRODUCT_BUNDLE_IDENTIFIER = com.sdiaz.BonobosTests;
				PRODUCT_NAME = "$(TARGET_NAME)";
				TEST_HOST = "$(BUILT_PRODUCTS_DIR)/Bonobos.app/Bonobos";
			};
			name = Release;
		};
		B0C422DA1DDC269B00081807 /* Debug */ = {
			isa = XCBuildConfiguration;
			baseConfigurationReference = 98F27D4CF10ADECB1D79A759 /* Pods-BonobosUITests.debug.xcconfig */;
			buildSettings = {
				DEVELOPMENT_TEAM = 8CM9FHQ3D4;
				INFOPLIST_FILE = BonobosUITests/Info.plist;
				LD_RUNPATH_SEARCH_PATHS = "$(inherited) @executable_path/Frameworks @loader_path/Frameworks";
				PRODUCT_BUNDLE_IDENTIFIER = com.sdiaz.BonobosUITests;
				PRODUCT_NAME = "$(TARGET_NAME)";
				TEST_TARGET_NAME = Bonobos;
			};
			name = Debug;
		};
		B0C422DB1DDC269B00081807 /* Release */ = {
			isa = XCBuildConfiguration;
			baseConfigurationReference = E3F29296A73A12D8294B5030 /* Pods-BonobosUITests.release.xcconfig */;
			buildSettings = {
				DEVELOPMENT_TEAM = 8CM9FHQ3D4;
				INFOPLIST_FILE = BonobosUITests/Info.plist;
				LD_RUNPATH_SEARCH_PATHS = "$(inherited) @executable_path/Frameworks @loader_path/Frameworks";
				PRODUCT_BUNDLE_IDENTIFIER = com.sdiaz.BonobosUITests;
				PRODUCT_NAME = "$(TARGET_NAME)";
				TEST_TARGET_NAME = Bonobos;
			};
			name = Release;
		};
/* End XCBuildConfiguration section */

/* Begin XCConfigurationList section */
		B0C422A11DDC269B00081807 /* Build configuration list for PBXProject "Bonobos" */ = {
			isa = XCConfigurationList;
			buildConfigurations = (
				B0C422D11DDC269B00081807 /* Debug */,
				B0C422D21DDC269B00081807 /* Release */,
			);
			defaultConfigurationIsVisible = 0;
			defaultConfigurationName = Release;
		};
		B0C422D31DDC269B00081807 /* Build configuration list for PBXNativeTarget "Bonobos" */ = {
			isa = XCConfigurationList;
			buildConfigurations = (
				B0C422D41DDC269B00081807 /* Debug */,
				B0C422D51DDC269B00081807 /* Release */,
			);
			defaultConfigurationIsVisible = 0;
			defaultConfigurationName = Release;
		};
		B0C422D61DDC269B00081807 /* Build configuration list for PBXNativeTarget "BonobosTests" */ = {
			isa = XCConfigurationList;
			buildConfigurations = (
				B0C422D71DDC269B00081807 /* Debug */,
				B0C422D81DDC269B00081807 /* Release */,
			);
			defaultConfigurationIsVisible = 0;
			defaultConfigurationName = Release;
		};
		B0C422D91DDC269B00081807 /* Build configuration list for PBXNativeTarget "BonobosUITests" */ = {
			isa = XCConfigurationList;
			buildConfigurations = (
				B0C422DA1DDC269B00081807 /* Debug */,
				B0C422DB1DDC269B00081807 /* Release */,
			);
			defaultConfigurationIsVisible = 0;
			defaultConfigurationName = Release;
		};
/* End XCConfigurationList section */
	};
	rootObject = B0C4229E1DDC269B00081807 /* Project object */;
}
